// !$*UTF8*$!
{
	archiveVersion = 1;
	classes = {
	};
	objectVersion = 46;
	objects = {

/* Begin PBXBuildFile section */
		EE2C8D8C16274BD900DB7481 /* TestDistributions.cpp in Sources */ = {isa = PBXBuildFile; fileRef = EE2C8D7D16274B6A00DB7481 /* TestDistributions.cpp */; };
		EE2C8D9B16275CE400DB7481 /* distributions.cpp in Sources */ = {isa = PBXBuildFile; fileRef = EE2C8D9916275CE400DB7481 /* distributions.cpp */; };
		EE2C8D9E1627608900DB7481 /* PDF.cpp in Sources */ = {isa = PBXBuildFile; fileRef = EE2C8D9C1627608900DB7481 /* PDF.cpp */; };
		EE2C8DA1162760A000DB7481 /* CDF.cpp in Sources */ = {isa = PBXBuildFile; fileRef = EE2C8D9F162760A000DB7481 /* CDF.cpp */; };
		EE2C8DA21627647F00DB7481 /* stochMath.cpp in Sources */ = {isa = PBXBuildFile; fileRef = EEDF9D33161FBF05003B18AB /* stochMath.cpp */; };
		EE7075651620A2580036673E /* basicTrellis.cpp in Sources */ = {isa = PBXBuildFile; fileRef = EEDF9D02161FBF05003B18AB /* basicTrellis.cpp */; };
		EE7075661620A2580036673E /* simpleTrellis.cpp in Sources */ = {isa = PBXBuildFile; fileRef = EEDF9D27161FBF05003B18AB /* simpleTrellis.cpp */; };
		EE7075671620A2580036673E /* stochasticTrellis.cpp in Sources */ = {isa = PBXBuildFile; fileRef = EEDF9D2D161FBF05003B18AB /* stochasticTrellis.cpp */; };
		EE7075681620A2580036673E /* traceback_path.cpp in Sources */ = {isa = PBXBuildFile; fileRef = EEDF9D3A161FBF05003B18AB /* traceback_path.cpp */; };
		EE7075691620A2580036673E /* trellis.cpp in Sources */ = {isa = PBXBuildFile; fileRef = EEDF9D41161FBF05003B18AB /* trellis.cpp */; };
		EE70756A1620A2580036673E /* trellisCells.cpp in Sources */ = {isa = PBXBuildFile; fileRef = EEDF9D44161FBF05003B18AB /* trellisCells.cpp */; };
		EE70756B1620A2840036673E /* index.cpp in Sources */ = {isa = PBXBuildFile; fileRef = EEDF9D0E161FBF05003B18AB /* index.cpp */; };
		EE70756C1620A2840036673E /* stochErr.cpp in Sources */ = {isa = PBXBuildFile; fileRef = EEDF9D2F161FBF05003B18AB /* stochErr.cpp */; };
		EE70756D1620A2840036673E /* stochMath.cpp in Sources */ = {isa = PBXBuildFile; fileRef = EEDF9D33161FBF05003B18AB /* stochMath.cpp */; };
		EE70756E1620A2840036673E /* table.cpp in Sources */ = {isa = PBXBuildFile; fileRef = EEDF9D36161FBF05003B18AB /* table.cpp */; };
		EE70756F1620A2840036673E /* text.cpp in Sources */ = {isa = PBXBuildFile; fileRef = EEDF9D38161FBF05003B18AB /* text.cpp */; };
		EE7075701620A2840036673E /* userFunctions.cpp in Sources */ = {isa = PBXBuildFile; fileRef = EEDF9D46161FBF05003B18AB /* userFunctions.cpp */; };
		EE7075711620A2E20036673E /* emm.cpp in Sources */ = {isa = PBXBuildFile; fileRef = EEDF9D06161FBF05003B18AB /* emm.cpp */; };
		EE7075721620A2E20036673E /* externalFuncs.cpp in Sources */ = {isa = PBXBuildFile; fileRef = EEDF9D08161FBF05003B18AB /* externalFuncs.cpp */; };
		EE7075731620A2E20036673E /* hmm.cpp in Sources */ = {isa = PBXBuildFile; fileRef = EEDF9D0C161FBF05003B18AB /* hmm.cpp */; };
		EE7075741620A2E20036673E /* lexicalTable.cpp in Sources */ = {isa = PBXBuildFile; fileRef = EEDF9D10161FBF05003B18AB /* lexicalTable.cpp */; };
		EE7075751620A2E20036673E /* modelTemplate.cpp in Sources */ = {isa = PBXBuildFile; fileRef = EEDF9D12161FBF05003B18AB /* modelTemplate.cpp */; };
		EE7075761620A2E20036673E /* state.cpp in Sources */ = {isa = PBXBuildFile; fileRef = EEDF9D29161FBF05003B18AB /* state.cpp */; };
		EE7075771620A2E20036673E /* track.cpp in Sources */ = {isa = PBXBuildFile; fileRef = EEDF9D3C161FBF05003B18AB /* track.cpp */; };
		EE7075781620A2E20036673E /* transitions.cpp in Sources */ = {isa = PBXBuildFile; fileRef = EEDF9D40161FBF05003B18AB /* transitions.cpp */; };
		EE7075791620A2E20036673E /* weight.cpp in Sources */ = {isa = PBXBuildFile; fileRef = EEDF9D48161FBF05003B18AB /* weight.cpp */; };
		EE70757B1620A31D0036673E /* externDefinitions.cpp in Sources */ = {isa = PBXBuildFile; fileRef = EEDF9D0A161FBF05003B18AB /* externDefinitions.cpp */; };
		EE70757F1620A31D0036673E /* sequence.cpp in Sources */ = {isa = PBXBuildFile; fileRef = EEDF9D21161FBF05003B18AB /* sequence.cpp */; };
		EE7075801620A31D0036673E /* sequences.cpp in Sources */ = {isa = PBXBuildFile; fileRef = EEDF9D23161FBF05003B18AB /* sequences.cpp */; };
		EE7075811620A31D0036673E /* sequenceStream.cpp in Sources */ = {isa = PBXBuildFile; fileRef = EEDF9D25161FBF05003B18AB /* sequenceStream.cpp */; };
		EE7075841620A3DF0036673E /* StochHMM.cpp in Sources */ = {isa = PBXBuildFile; fileRef = EEDF9D31161FBF05003B18AB /* StochHMM.cpp */; };
		EE70759B162343330036673E /* options.cpp in Sources */ = {isa = PBXBuildFile; fileRef = EEDF9D16161FBF05003B18AB /* options.cpp */; };
		EE70759C16237BE70036673E /* seqJobs.cpp in Sources */ = {isa = PBXBuildFile; fileRef = EEDF9D1C161FBF05003B18AB /* seqJobs.cpp */; };
		EE70759D16237BEB0036673E /* seqTracks.cpp in Sources */ = {isa = PBXBuildFile; fileRef = EEDF9D1F161FBF05003B18AB /* seqTracks.cpp */; };
/* End PBXBuildFile section */

/* Begin PBXCopyFilesBuildPhase section */
		EE2C8D8016274BBB00DB7481 /* CopyFiles */ = {
			isa = PBXCopyFilesBuildPhase;
			buildActionMask = 2147483647;
			dstPath = /usr/share/man/man1/;
			dstSubfolderSpec = 0;
			files = (
			);
			runOnlyForDeploymentPostprocessing = 1;
		};
		EEDF9D61161FC3FC003B18AB /* CopyFiles */ = {
			isa = PBXCopyFilesBuildPhase;
			buildActionMask = 2147483647;
			dstPath = /usr/share/man/man1/;
			dstSubfolderSpec = 0;
			files = (
			);
			runOnlyForDeploymentPostprocessing = 1;
		};
/* End PBXCopyFilesBuildPhase section */

/* Begin PBXFileReference section */
		EE2C8D7D16274B6A00DB7481 /* TestDistributions.cpp */ = {isa = PBXFileReference; lastKnownFileType = sourcecode.cpp.cpp; name = TestDistributions.cpp; path = ../testsuite/TestDistributions/TestDistributions.cpp; sourceTree = SOURCE_ROOT; };
		EE2C8D8216274BBB00DB7481 /* TestDistributions */ = {isa = PBXFileReference; explicitFileType = "compiled.mach-o.executable"; includeInIndex = 0; path = TestDistributions; sourceTree = BUILT_PRODUCTS_DIR; };
		EE2C8D9916275CE400DB7481 /* distributions.cpp */ = {isa = PBXFileReference; fileEncoding = 4; lastKnownFileType = sourcecode.cpp.cpp; name = distributions.cpp; path = ../src/distributions.cpp; sourceTree = SOURCE_ROOT; };
		EE2C8D9A16275CE400DB7481 /* distributions.h */ = {isa = PBXFileReference; fileEncoding = 4; lastKnownFileType = sourcecode.c.h; name = distributions.h; path = ../src/distributions.h; sourceTree = SOURCE_ROOT; };
		EE2C8D9C1627608900DB7481 /* PDF.cpp */ = {isa = PBXFileReference; fileEncoding = 4; lastKnownFileType = sourcecode.cpp.cpp; name = PDF.cpp; path = ../src/PDF.cpp; sourceTree = SOURCE_ROOT; };
		EE2C8D9D1627608900DB7481 /* PDF.h */ = {isa = PBXFileReference; fileEncoding = 4; lastKnownFileType = sourcecode.c.h; name = PDF.h; path = ../src/PDF.h; sourceTree = SOURCE_ROOT; };
		EE2C8D9F162760A000DB7481 /* CDF.cpp */ = {isa = PBXFileReference; fileEncoding = 4; lastKnownFileType = sourcecode.cpp.cpp; name = CDF.cpp; path = ../src/CDF.cpp; sourceTree = SOURCE_ROOT; };
		EE2C8DA0162760A000DB7481 /* CDF.h */ = {isa = PBXFileReference; fileEncoding = 4; lastKnownFileType = sourcecode.c.h; name = CDF.h; path = ../src/CDF.h; sourceTree = SOURCE_ROOT; };
		EEDF9D00161FBF05003B18AB /* alignment.cpp */ = {isa = PBXFileReference; lastKnownFileType = sourcecode.cpp.cpp; name = alignment.cpp; path = ../src/alignment.cpp; sourceTree = SOURCE_ROOT; };
		EEDF9D01161FBF05003B18AB /* alignment.h */ = {isa = PBXFileReference; lastKnownFileType = sourcecode.c.h; name = alignment.h; path = ../src/alignment.h; sourceTree = SOURCE_ROOT; };
		EEDF9D02161FBF05003B18AB /* basicTrellis.cpp */ = {isa = PBXFileReference; lastKnownFileType = sourcecode.cpp.cpp; name = basicTrellis.cpp; path = ../src/basicTrellis.cpp; sourceTree = SOURCE_ROOT; };
		EEDF9D03161FBF05003B18AB /* basicTrellis.h */ = {isa = PBXFileReference; lastKnownFileType = sourcecode.c.h; name = basicTrellis.h; path = ../src/basicTrellis.h; sourceTree = SOURCE_ROOT; };
		EEDF9D04161FBF05003B18AB /* Counter.cpp */ = {isa = PBXFileReference; lastKnownFileType = sourcecode.cpp.cpp; name = Counter.cpp; path = ../src/Counter.cpp; sourceTree = SOURCE_ROOT; };
		EEDF9D05161FBF05003B18AB /* Counter.h */ = {isa = PBXFileReference; lastKnownFileType = sourcecode.c.h; name = Counter.h; path = ../src/Counter.h; sourceTree = SOURCE_ROOT; };
		EEDF9D06161FBF05003B18AB /* emm.cpp */ = {isa = PBXFileReference; lastKnownFileType = sourcecode.cpp.cpp; name = emm.cpp; path = ../src/emm.cpp; sourceTree = SOURCE_ROOT; };
		EEDF9D07161FBF05003B18AB /* emm.h */ = {isa = PBXFileReference; lastKnownFileType = sourcecode.c.h; name = emm.h; path = ../src/emm.h; sourceTree = SOURCE_ROOT; };
		EEDF9D08161FBF05003B18AB /* externalFuncs.cpp */ = {isa = PBXFileReference; lastKnownFileType = sourcecode.cpp.cpp; name = externalFuncs.cpp; path = ../src/externalFuncs.cpp; sourceTree = SOURCE_ROOT; };
		EEDF9D09161FBF05003B18AB /* externalFuncs.h */ = {isa = PBXFileReference; lastKnownFileType = sourcecode.c.h; name = externalFuncs.h; path = ../src/externalFuncs.h; sourceTree = SOURCE_ROOT; };
		EEDF9D0A161FBF05003B18AB /* externDefinitions.cpp */ = {isa = PBXFileReference; lastKnownFileType = sourcecode.cpp.cpp; name = externDefinitions.cpp; path = ../src/externDefinitions.cpp; sourceTree = SOURCE_ROOT; };
		EEDF9D0B161FBF05003B18AB /* externDefinitions.h */ = {isa = PBXFileReference; lastKnownFileType = sourcecode.c.h; name = externDefinitions.h; path = ../src/externDefinitions.h; sourceTree = SOURCE_ROOT; };
		EEDF9D0C161FBF05003B18AB /* hmm.cpp */ = {isa = PBXFileReference; lastKnownFileType = sourcecode.cpp.cpp; name = hmm.cpp; path = ../src/hmm.cpp; sourceTree = SOURCE_ROOT; };
		EEDF9D0D161FBF05003B18AB /* hmm.h */ = {isa = PBXFileReference; lastKnownFileType = sourcecode.c.h; name = hmm.h; path = ../src/hmm.h; sourceTree = SOURCE_ROOT; };
		EEDF9D0E161FBF05003B18AB /* index.cpp */ = {isa = PBXFileReference; lastKnownFileType = sourcecode.cpp.cpp; name = index.cpp; path = ../src/index.cpp; sourceTree = SOURCE_ROOT; };
		EEDF9D0F161FBF05003B18AB /* index.h */ = {isa = PBXFileReference; lastKnownFileType = sourcecode.c.h; name = index.h; path = ../src/index.h; sourceTree = SOURCE_ROOT; };
		EEDF9D10161FBF05003B18AB /* lexicalTable.cpp */ = {isa = PBXFileReference; lastKnownFileType = sourcecode.cpp.cpp; name = lexicalTable.cpp; path = ../src/lexicalTable.cpp; sourceTree = SOURCE_ROOT; };
		EEDF9D11161FBF05003B18AB /* lexicalTable.h */ = {isa = PBXFileReference; lastKnownFileType = sourcecode.c.h; name = lexicalTable.h; path = ../src/lexicalTable.h; sourceTree = SOURCE_ROOT; };
		EEDF9D12161FBF05003B18AB /* modelTemplate.cpp */ = {isa = PBXFileReference; lastKnownFileType = sourcecode.cpp.cpp; name = modelTemplate.cpp; path = ../src/modelTemplate.cpp; sourceTree = SOURCE_ROOT; };
		EEDF9D13161FBF05003B18AB /* modelTemplate.h */ = {isa = PBXFileReference; lastKnownFileType = sourcecode.c.h; name = modelTemplate.h; path = ../src/modelTemplate.h; sourceTree = SOURCE_ROOT; };
		EEDF9D14161FBF05003B18AB /* nthTrellis.cpp */ = {isa = PBXFileReference; lastKnownFileType = sourcecode.cpp.cpp; name = nthTrellis.cpp; path = ../src/nthTrellis.cpp; sourceTree = SOURCE_ROOT; };
		EEDF9D15161FBF05003B18AB /* nthTrellis.h */ = {isa = PBXFileReference; lastKnownFileType = sourcecode.c.h; name = nthTrellis.h; path = ../src/nthTrellis.h; sourceTree = SOURCE_ROOT; };
		EEDF9D16161FBF05003B18AB /* options.cpp */ = {isa = PBXFileReference; lastKnownFileType = sourcecode.cpp.cpp; name = options.cpp; path = ../src/options.cpp; sourceTree = SOURCE_ROOT; };
		EEDF9D17161FBF05003B18AB /* options.h */ = {isa = PBXFileReference; lastKnownFileType = sourcecode.c.h; name = options.h; path = ../src/options.h; sourceTree = SOURCE_ROOT; };
		EEDF9D18161FBF05003B18AB /* output.cpp */ = {isa = PBXFileReference; lastKnownFileType = sourcecode.cpp.cpp; name = output.cpp; path = ../src/output.cpp; sourceTree = SOURCE_ROOT; };
		EEDF9D19161FBF05003B18AB /* output.h */ = {isa = PBXFileReference; lastKnownFileType = sourcecode.c.h; name = output.h; path = ../src/output.h; sourceTree = SOURCE_ROOT; };
		EEDF9D1A161FBF05003B18AB /* pwm.cpp */ = {isa = PBXFileReference; lastKnownFileType = sourcecode.cpp.cpp; name = pwm.cpp; path = ../src/pwm.cpp; sourceTree = SOURCE_ROOT; };
		EEDF9D1B161FBF05003B18AB /* pwm.h */ = {isa = PBXFileReference; lastKnownFileType = sourcecode.c.h; name = pwm.h; path = ../src/pwm.h; sourceTree = SOURCE_ROOT; };
		EEDF9D1C161FBF05003B18AB /* seqJobs.cpp */ = {isa = PBXFileReference; lastKnownFileType = sourcecode.cpp.cpp; name = seqJobs.cpp; path = ../src/seqJobs.cpp; sourceTree = SOURCE_ROOT; };
		EEDF9D1D161FBF05003B18AB /* seqTools.cpp */ = {isa = PBXFileReference; lastKnownFileType = sourcecode.cpp.cpp; name = seqTools.cpp; path = ../src/seqTools.cpp; sourceTree = SOURCE_ROOT; };
		EEDF9D1E161FBF05003B18AB /* seqTools.h */ = {isa = PBXFileReference; lastKnownFileType = sourcecode.c.h; name = seqTools.h; path = ../src/seqTools.h; sourceTree = SOURCE_ROOT; };
		EEDF9D1F161FBF05003B18AB /* seqTracks.cpp */ = {isa = PBXFileReference; lastKnownFileType = sourcecode.cpp.cpp; name = seqTracks.cpp; path = ../src/seqTracks.cpp; sourceTree = SOURCE_ROOT; };
		EEDF9D20161FBF05003B18AB /* seqTracks.h */ = {isa = PBXFileReference; lastKnownFileType = sourcecode.c.h; name = seqTracks.h; path = ../src/seqTracks.h; sourceTree = SOURCE_ROOT; };
		EEDF9D21161FBF05003B18AB /* sequence.cpp */ = {isa = PBXFileReference; lastKnownFileType = sourcecode.cpp.cpp; name = sequence.cpp; path = ../src/sequence.cpp; sourceTree = SOURCE_ROOT; };
		EEDF9D22161FBF05003B18AB /* sequence.h */ = {isa = PBXFileReference; lastKnownFileType = sourcecode.c.h; name = sequence.h; path = ../src/sequence.h; sourceTree = SOURCE_ROOT; };
		EEDF9D23161FBF05003B18AB /* sequences.cpp */ = {isa = PBXFileReference; lastKnownFileType = sourcecode.cpp.cpp; name = sequences.cpp; path = ../src/sequences.cpp; sourceTree = SOURCE_ROOT; };
		EEDF9D24161FBF05003B18AB /* sequences.h */ = {isa = PBXFileReference; lastKnownFileType = sourcecode.c.h; name = sequences.h; path = ../src/sequences.h; sourceTree = SOURCE_ROOT; };
		EEDF9D25161FBF05003B18AB /* sequenceStream.cpp */ = {isa = PBXFileReference; lastKnownFileType = sourcecode.cpp.cpp; name = sequenceStream.cpp; path = ../src/sequenceStream.cpp; sourceTree = SOURCE_ROOT; };
		EEDF9D26161FBF05003B18AB /* sequenceStream.h */ = {isa = PBXFileReference; lastKnownFileType = sourcecode.c.h; name = sequenceStream.h; path = ../src/sequenceStream.h; sourceTree = SOURCE_ROOT; };
		EEDF9D27161FBF05003B18AB /* simpleTrellis.cpp */ = {isa = PBXFileReference; lastKnownFileType = sourcecode.cpp.cpp; name = simpleTrellis.cpp; path = ../src/simpleTrellis.cpp; sourceTree = SOURCE_ROOT; };
		EEDF9D28161FBF05003B18AB /* simpleTrellis.h */ = {isa = PBXFileReference; lastKnownFileType = sourcecode.c.h; name = simpleTrellis.h; path = ../src/simpleTrellis.h; sourceTree = SOURCE_ROOT; };
		EEDF9D29161FBF05003B18AB /* state.cpp */ = {isa = PBXFileReference; lastKnownFileType = sourcecode.cpp.cpp; name = state.cpp; path = ../src/state.cpp; sourceTree = SOURCE_ROOT; };
		EEDF9D2A161FBF05003B18AB /* state.h */ = {isa = PBXFileReference; lastKnownFileType = sourcecode.c.h; name = state.h; path = ../src/state.h; sourceTree = SOURCE_ROOT; };
		EEDF9D2B161FBF05003B18AB /* statistics.cpp */ = {isa = PBXFileReference; lastKnownFileType = sourcecode.cpp.cpp; name = statistics.cpp; path = ../src/statistics.cpp; sourceTree = SOURCE_ROOT; };
		EEDF9D2C161FBF05003B18AB /* statistics.h */ = {isa = PBXFileReference; lastKnownFileType = sourcecode.c.h; name = statistics.h; path = ../src/statistics.h; sourceTree = SOURCE_ROOT; };
		EEDF9D2D161FBF05003B18AB /* stochasticTrellis.cpp */ = {isa = PBXFileReference; lastKnownFileType = sourcecode.cpp.cpp; name = stochasticTrellis.cpp; path = ../src/stochasticTrellis.cpp; sourceTree = SOURCE_ROOT; };
		EEDF9D2E161FBF05003B18AB /* stochasticTrellis.h */ = {isa = PBXFileReference; lastKnownFileType = sourcecode.c.h; name = stochasticTrellis.h; path = ../src/stochasticTrellis.h; sourceTree = SOURCE_ROOT; };
		EEDF9D2F161FBF05003B18AB /* stochErr.cpp */ = {isa = PBXFileReference; lastKnownFileType = sourcecode.cpp.cpp; name = stochErr.cpp; path = ../src/stochErr.cpp; sourceTree = SOURCE_ROOT; };
		EEDF9D30161FBF05003B18AB /* stochErr.h */ = {isa = PBXFileReference; lastKnownFileType = sourcecode.c.h; name = stochErr.h; path = ../src/stochErr.h; sourceTree = SOURCE_ROOT; };
		EEDF9D31161FBF05003B18AB /* StochHMM.cpp */ = {isa = PBXFileReference; lastKnownFileType = sourcecode.cpp.cpp; name = StochHMM.cpp; path = ../src/StochHMM.cpp; sourceTree = SOURCE_ROOT; };
		EEDF9D32161FBF05003B18AB /* stochhmmUsage.h */ = {isa = PBXFileReference; lastKnownFileType = sourcecode.c.h; name = stochhmmUsage.h; path = ../src/stochhmmUsage.h; sourceTree = SOURCE_ROOT; };
		EEDF9D33161FBF05003B18AB /* stochMath.cpp */ = {isa = PBXFileReference; lastKnownFileType = sourcecode.cpp.cpp; name = stochMath.cpp; path = ../src/stochMath.cpp; sourceTree = SOURCE_ROOT; };
		EEDF9D34161FBF05003B18AB /* stochMath.h */ = {isa = PBXFileReference; lastKnownFileType = sourcecode.c.h; name = stochMath.h; path = ../src/stochMath.h; sourceTree = SOURCE_ROOT; };
		EEDF9D35161FBF05003B18AB /* stochTypes.h */ = {isa = PBXFileReference; lastKnownFileType = sourcecode.c.h; name = stochTypes.h; path = ../src/stochTypes.h; sourceTree = SOURCE_ROOT; };
		EEDF9D36161FBF05003B18AB /* table.cpp */ = {isa = PBXFileReference; lastKnownFileType = sourcecode.cpp.cpp; name = table.cpp; path = ../src/table.cpp; sourceTree = SOURCE_ROOT; };
		EEDF9D37161FBF05003B18AB /* table.h */ = {isa = PBXFileReference; lastKnownFileType = sourcecode.c.h; name = table.h; path = ../src/table.h; sourceTree = SOURCE_ROOT; };
		EEDF9D38161FBF05003B18AB /* text.cpp */ = {isa = PBXFileReference; lastKnownFileType = sourcecode.cpp.cpp; name = text.cpp; path = ../src/text.cpp; sourceTree = SOURCE_ROOT; };
		EEDF9D39161FBF05003B18AB /* text.h */ = {isa = PBXFileReference; lastKnownFileType = sourcecode.c.h; name = text.h; path = ../src/text.h; sourceTree = SOURCE_ROOT; };
		EEDF9D3A161FBF05003B18AB /* traceback_path.cpp */ = {isa = PBXFileReference; lastKnownFileType = sourcecode.cpp.cpp; name = traceback_path.cpp; path = ../src/traceback_path.cpp; sourceTree = SOURCE_ROOT; };
		EEDF9D3B161FBF05003B18AB /* traceback_path.h */ = {isa = PBXFileReference; lastKnownFileType = sourcecode.c.h; name = traceback_path.h; path = ../src/traceback_path.h; sourceTree = SOURCE_ROOT; };
		EEDF9D3C161FBF05003B18AB /* track.cpp */ = {isa = PBXFileReference; lastKnownFileType = sourcecode.cpp.cpp; name = track.cpp; path = ../src/track.cpp; sourceTree = SOURCE_ROOT; };
		EEDF9D3D161FBF05003B18AB /* track.h */ = {isa = PBXFileReference; lastKnownFileType = sourcecode.c.h; name = track.h; path = ../src/track.h; sourceTree = SOURCE_ROOT; };
		EEDF9D3E161FBF05003B18AB /* trainingSeq.cpp */ = {isa = PBXFileReference; lastKnownFileType = sourcecode.cpp.cpp; name = trainingSeq.cpp; path = ../src/trainingSeq.cpp; sourceTree = SOURCE_ROOT; };
		EEDF9D3F161FBF05003B18AB /* trainingSeq.h */ = {isa = PBXFileReference; lastKnownFileType = sourcecode.c.h; name = trainingSeq.h; path = ../src/trainingSeq.h; sourceTree = SOURCE_ROOT; };
		EEDF9D40161FBF05003B18AB /* transitions.cpp */ = {isa = PBXFileReference; lastKnownFileType = sourcecode.cpp.cpp; name = transitions.cpp; path = ../src/transitions.cpp; sourceTree = SOURCE_ROOT; };
		EEDF9D41161FBF05003B18AB /* trellis.cpp */ = {isa = PBXFileReference; lastKnownFileType = sourcecode.cpp.cpp; name = trellis.cpp; path = ../src/trellis.cpp; sourceTree = SOURCE_ROOT; };
		EEDF9D42161FBF05003B18AB /* transitions.h */ = {isa = PBXFileReference; lastKnownFileType = sourcecode.c.h; name = transitions.h; path = ../src/transitions.h; sourceTree = SOURCE_ROOT; };
		EEDF9D43161FBF05003B18AB /* trellis.h */ = {isa = PBXFileReference; lastKnownFileType = sourcecode.c.h; name = trellis.h; path = ../src/trellis.h; sourceTree = SOURCE_ROOT; };
		EEDF9D44161FBF05003B18AB /* trellisCells.cpp */ = {isa = PBXFileReference; lastKnownFileType = sourcecode.cpp.cpp; name = trellisCells.cpp; path = ../src/trellisCells.cpp; sourceTree = SOURCE_ROOT; };
		EEDF9D45161FBF05003B18AB /* trellisCells.h */ = {isa = PBXFileReference; lastKnownFileType = sourcecode.c.h; name = trellisCells.h; path = ../src/trellisCells.h; sourceTree = SOURCE_ROOT; };
		EEDF9D46161FBF05003B18AB /* userFunctions.cpp */ = {isa = PBXFileReference; lastKnownFileType = sourcecode.cpp.cpp; name = userFunctions.cpp; path = ../src/userFunctions.cpp; sourceTree = SOURCE_ROOT; };
		EEDF9D47161FBF05003B18AB /* userFunctions.h */ = {isa = PBXFileReference; lastKnownFileType = sourcecode.c.h; name = userFunctions.h; path = ../src/userFunctions.h; sourceTree = SOURCE_ROOT; };
		EEDF9D48161FBF05003B18AB /* weight.cpp */ = {isa = PBXFileReference; lastKnownFileType = sourcecode.cpp.cpp; name = weight.cpp; path = ../src/weight.cpp; sourceTree = SOURCE_ROOT; };
		EEDF9D49161FBF05003B18AB /* weight.h */ = {isa = PBXFileReference; lastKnownFileType = sourcecode.c.h; name = weight.h; path = ../src/weight.h; sourceTree = SOURCE_ROOT; };
		EEDF9D63161FC3FC003B18AB /* StochHMM */ = {isa = PBXFileReference; explicitFileType = "compiled.mach-o.executable"; includeInIndex = 0; path = StochHMM; sourceTree = BUILT_PRODUCTS_DIR; };
		EEDF9D72161FC40E003B18AB /* libStochHMM.a */ = {isa = PBXFileReference; explicitFileType = archive.ar; includeInIndex = 0; path = libStochHMM.a; sourceTree = BUILT_PRODUCTS_DIR; };
/* End PBXFileReference section */

/* Begin PBXFrameworksBuildPhase section */
		EE2C8D7F16274BBB00DB7481 /* Frameworks */ = {
			isa = PBXFrameworksBuildPhase;
			buildActionMask = 2147483647;
			files = (
			);
			runOnlyForDeploymentPostprocessing = 0;
		};
		EEDF9D60161FC3FC003B18AB /* Frameworks */ = {
			isa = PBXFrameworksBuildPhase;
			buildActionMask = 2147483647;
			files = (
			);
			runOnlyForDeploymentPostprocessing = 0;
		};
		EEDF9D6F161FC40E003B18AB /* Frameworks */ = {
			isa = PBXFrameworksBuildPhase;
			buildActionMask = 2147483647;
			files = (
			);
			runOnlyForDeploymentPostprocessing = 0;
		};
/* End PBXFrameworksBuildPhase section */

/* Begin PBXGroup section */
		EE2C8D7B16274B3D00DB7481 /* TestDistributions */ = {
			isa = PBXGroup;
			children = (
				EE2C8D7D16274B6A00DB7481 /* TestDistributions.cpp */,
			);
			name = TestDistributions;
			sourceTree = "<group>";
		};
		EEDF9B9F161FAB43003B18AB = {
			isa = PBXGroup;
			children = (
				EEDF9C0C161FAEA9003B18AB /* src */,
				EEDF9C57161FAEA9003B18AB /* examples */,
				EEDF9C58161FAEA9003B18AB /* scripts */,
				EEDF9C59161FAEA9003B18AB /* testsuite */,
				EEDF9C5A161FAEA9003B18AB /* documentation */,
				EEDF9BAB161FAB43003B18AB /* Products */,
			);
			sourceTree = "<group>";
		};
		EEDF9BAB161FAB43003B18AB /* Products */ = {
			isa = PBXGroup;
			children = (
				EEDF9D63161FC3FC003B18AB /* StochHMM */,
				EEDF9D72161FC40E003B18AB /* libStochHMM.a */,
				EE2C8D8216274BBB00DB7481 /* TestDistributions */,
			);
			name = Products;
			sourceTree = "<group>";
		};
		EEDF9C0C161FAEA9003B18AB /* src */ = {
			isa = PBXGroup;
			children = (
				EEDF9D5B161FC3CD003B18AB /* bin */,
				EEDF9D5A161FC3AE003B18AB /* In Progress */,
				EEDF9C68161FAEFF003B18AB /* Decoding */,
				EEDF9C69161FAF0F003B18AB /* General */,
				EEDF9C6B161FAF28003B18AB /* Model */,
				EEDF9C6A161FAF17003B18AB /* Options */,
				EEDF9C6C161FAF32003B18AB /* Sequence */,
			);
			path = src;
			sourceTree = "<group>";
		};
		EEDF9C57161FAEA9003B18AB /* examples */ = {
			isa = PBXGroup;
			children = (
			);
			path = examples;
			sourceTree = "<group>";
		};
		EEDF9C58161FAEA9003B18AB /* scripts */ = {
			isa = PBXGroup;
			children = (
			);
			path = scripts;
			sourceTree = "<group>";
		};
		EEDF9C59161FAEA9003B18AB /* testsuite */ = {
			isa = PBXGroup;
			children = (
				EE2C8D7B16274B3D00DB7481 /* TestDistributions */,
			);
			path = testsuite;
			sourceTree = "<group>";
		};
		EEDF9C5A161FAEA9003B18AB /* documentation */ = {
			isa = PBXGroup;
			children = (
			);
			path = documentation;
			sourceTree = "<group>";
		};
		EEDF9C67161FAEF5003B18AB /* Training */ = {
			isa = PBXGroup;
			children = (
				EEDF9D04161FBF05003B18AB /* Counter.cpp */,
				EEDF9D05161FBF05003B18AB /* Counter.h */,
				EEDF9D3E161FBF05003B18AB /* trainingSeq.cpp */,
				EEDF9D3F161FBF05003B18AB /* trainingSeq.h */,
			);
			name = Training;
			sourceTree = "<group>";
		};
		EEDF9C68161FAEFF003B18AB /* Decoding */ = {
			isa = PBXGroup;
			children = (
				EEDF9D02161FBF05003B18AB /* basicTrellis.cpp */,
				EEDF9D03161FBF05003B18AB /* basicTrellis.h */,
				EEDF9D27161FBF05003B18AB /* simpleTrellis.cpp */,
				EEDF9D28161FBF05003B18AB /* simpleTrellis.h */,
				EEDF9D2D161FBF05003B18AB /* stochasticTrellis.cpp */,
				EEDF9D2E161FBF05003B18AB /* stochasticTrellis.h */,
				EEDF9D3A161FBF05003B18AB /* traceback_path.cpp */,
				EEDF9D3B161FBF05003B18AB /* traceback_path.h */,
				EEDF9D41161FBF05003B18AB /* trellis.cpp */,
				EEDF9D43161FBF05003B18AB /* trellis.h */,
				EEDF9D44161FBF05003B18AB /* trellisCells.cpp */,
				EEDF9D45161FBF05003B18AB /* trellisCells.h */,
			);
			name = Decoding;
			sourceTree = "<group>";
		};
		EEDF9C69161FAF0F003B18AB /* General */ = {
			isa = PBXGroup;
			children = (
				EEDF9D0E161FBF05003B18AB /* index.cpp */,
				EEDF9D0F161FBF05003B18AB /* index.h */,
				EEDF9D2F161FBF05003B18AB /* stochErr.cpp */,
				EEDF9D30161FBF05003B18AB /* stochErr.h */,
				EEDF9D33161FBF05003B18AB /* stochMath.cpp */,
				EEDF9D34161FBF05003B18AB /* stochMath.h */,
				EEDF9D35161FBF05003B18AB /* stochTypes.h */,
				EEDF9D36161FBF05003B18AB /* table.cpp */,
				EEDF9D37161FBF05003B18AB /* table.h */,
				EEDF9D38161FBF05003B18AB /* text.cpp */,
				EEDF9D39161FBF05003B18AB /* text.h */,
				EEDF9D46161FBF05003B18AB /* userFunctions.cpp */,
				EEDF9D47161FBF05003B18AB /* userFunctions.h */,
			);
			name = General;
			sourceTree = "<group>";
		};
		EEDF9C6A161FAF17003B18AB /* Options */ = {
			isa = PBXGroup;
			children = (
				EEDF9D16161FBF05003B18AB /* options.cpp */,
				EEDF9D17161FBF05003B18AB /* options.h */,
			);
			name = Options;
			sourceTree = "<group>";
		};
		EEDF9C6B161FAF28003B18AB /* Model */ = {
			isa = PBXGroup;
			children = (
				EEDF9D06161FBF05003B18AB /* emm.cpp */,
				EEDF9D07161FBF05003B18AB /* emm.h */,
				EEDF9D08161FBF05003B18AB /* externalFuncs.cpp */,
				EEDF9D09161FBF05003B18AB /* externalFuncs.h */,
				EEDF9D0C161FBF05003B18AB /* hmm.cpp */,
				EEDF9D0D161FBF05003B18AB /* hmm.h */,
				EEDF9D10161FBF05003B18AB /* lexicalTable.cpp */,
				EEDF9D11161FBF05003B18AB /* lexicalTable.h */,
				EEDF9D12161FBF05003B18AB /* modelTemplate.cpp */,
				EEDF9D13161FBF05003B18AB /* modelTemplate.h */,
				EEDF9D29161FBF05003B18AB /* state.cpp */,
				EEDF9D2A161FBF05003B18AB /* state.h */,
				EEDF9D3C161FBF05003B18AB /* track.cpp */,
				EEDF9D3D161FBF05003B18AB /* track.h */,
				EEDF9D40161FBF05003B18AB /* transitions.cpp */,
				EEDF9D42161FBF05003B18AB /* transitions.h */,
				EEDF9D48161FBF05003B18AB /* weight.cpp */,
				EEDF9D49161FBF05003B18AB /* weight.h */,
			);
			name = Model;
			sourceTree = "<group>";
		};
		EEDF9C6C161FAF32003B18AB /* Sequence */ = {
			isa = PBXGroup;
			children = (
				EEDF9D0A161FBF05003B18AB /* externDefinitions.cpp */,
				EEDF9D0B161FBF05003B18AB /* externDefinitions.h */,
				EEDF9D1C161FBF05003B18AB /* seqJobs.cpp */,
				EEDF9D1F161FBF05003B18AB /* seqTracks.cpp */,
				EEDF9D20161FBF05003B18AB /* seqTracks.h */,
				EEDF9D21161FBF05003B18AB /* sequence.cpp */,
				EEDF9D22161FBF05003B18AB /* sequence.h */,
				EEDF9D23161FBF05003B18AB /* sequences.cpp */,
				EEDF9D24161FBF05003B18AB /* sequences.h */,
			);
			name = Sequence;
			sourceTree = "<group>";
		};
		EEDF9D5A161FC3AE003B18AB /* In Progress */ = {
			isa = PBXGroup;
			children = (
				EEDF9C67161FAEF5003B18AB /* Training */,
				EEDF9D14161FBF05003B18AB /* nthTrellis.cpp */,
				EEDF9D15161FBF05003B18AB /* nthTrellis.h */,
				EEDF9D1D161FBF05003B18AB /* seqTools.cpp */,
				EEDF9D1E161FBF05003B18AB /* seqTools.h */,
				EEDF9D25161FBF05003B18AB /* sequenceStream.cpp */,
				EEDF9D26161FBF05003B18AB /* sequenceStream.h */,
				EEDF9D2C161FBF05003B18AB /* statistics.h */,
				EEDF9D2B161FBF05003B18AB /* statistics.cpp */,
				EE2C8D9D1627608900DB7481 /* PDF.h */,
				EE2C8D9C1627608900DB7481 /* PDF.cpp */,
				EE2C8D9F162760A000DB7481 /* CDF.cpp */,
				EE2C8DA0162760A000DB7481 /* CDF.h */,
				EE2C8D9A16275CE400DB7481 /* distributions.h */,
				EE2C8D9916275CE400DB7481 /* distributions.cpp */,
				EEDF9D18161FBF05003B18AB /* output.cpp */,
				EEDF9D19161FBF05003B18AB /* output.h */,
				EEDF9D00161FBF05003B18AB /* alignment.cpp */,
				EEDF9D01161FBF05003B18AB /* alignment.h */,
				EEDF9D1A161FBF05003B18AB /* pwm.cpp */,
				EEDF9D1B161FBF05003B18AB /* pwm.h */,
			);
			name = "In Progress";
			sourceTree = "<group>";
		};
		EEDF9D5B161FC3CD003B18AB /* bin */ = {
			isa = PBXGroup;
			children = (
				EEDF9D31161FBF05003B18AB /* StochHMM.cpp */,
				EEDF9D32161FBF05003B18AB /* stochhmmUsage.h */,
			);
			name = bin;
			sourceTree = "<group>";
		};
/* End PBXGroup section */

/* Begin PBXHeadersBuildPhase section */
		EEDF9D70161FC40E003B18AB /* Headers */ = {
			isa = PBXHeadersBuildPhase;
			buildActionMask = 2147483647;
			files = (
			);
			runOnlyForDeploymentPostprocessing = 0;
		};
/* End PBXHeadersBuildPhase section */

/* Begin PBXNativeTarget section */
		EE2C8D8116274BBB00DB7481 /* TestDistributions */ = {
			isa = PBXNativeTarget;
			buildConfigurationList = EE2C8D8916274BBB00DB7481 /* Build configuration list for PBXNativeTarget "TestDistributions" */;
			buildPhases = (
				EE2C8D7E16274BBB00DB7481 /* Sources */,
				EE2C8D7F16274BBB00DB7481 /* Frameworks */,
				EE2C8D8016274BBB00DB7481 /* CopyFiles */,
			);
			buildRules = (
			);
			dependencies = (
			);
			name = TestDistributions;
			productName = TestDistributions;
			productReference = EE2C8D8216274BBB00DB7481 /* TestDistributions */;
			productType = "com.apple.product-type.tool";
		};
		EEDF9D62161FC3FC003B18AB /* StochHMM */ = {
			isa = PBXNativeTarget;
			buildConfigurationList = EEDF9D6C161FC3FC003B18AB /* Build configuration list for PBXNativeTarget "StochHMM" */;
			buildPhases = (
				EEDF9D5F161FC3FC003B18AB /* Sources */,
				EEDF9D60161FC3FC003B18AB /* Frameworks */,
				EEDF9D61161FC3FC003B18AB /* CopyFiles */,
			);
			buildRules = (
			);
			dependencies = (
			);
			name = StochHMM;
			productName = StochHMM;
			productReference = EEDF9D63161FC3FC003B18AB /* StochHMM */;
			productType = "com.apple.product-type.tool";
		};
		EEDF9D71161FC40E003B18AB /* StochHMMlib */ = {
			isa = PBXNativeTarget;
			buildConfigurationList = EEDF9D73161FC40E003B18AB /* Build configuration list for PBXNativeTarget "StochHMMlib" */;
			buildPhases = (
				EEDF9D6E161FC40E003B18AB /* Sources */,
				EEDF9D6F161FC40E003B18AB /* Frameworks */,
				EEDF9D70161FC40E003B18AB /* Headers */,
			);
			buildRules = (
			);
			dependencies = (
			);
			name = StochHMMlib;
			productName = StochHMMlib;
			productReference = EEDF9D72161FC40E003B18AB /* libStochHMM.a */;
			productType = "com.apple.product-type.library.static";
		};
/* End PBXNativeTarget section */

/* Begin PBXProject section */
		EEDF9BA1161FAB43003B18AB /* Project object */ = {
			isa = PBXProject;
			attributes = {
				LastUpgradeCheck = 0450;
				ORGANIZATIONNAME = "Korf Lab, Genome Center, UC Davis, Davis, CA";
			};
			buildConfigurationList = EEDF9BA4161FAB43003B18AB /* Build configuration list for PBXProject "StochHMM" */;
			compatibilityVersion = "Xcode 3.2";
			developmentRegion = English;
			hasScannedForEncodings = 0;
			knownRegions = (
				en,
			);
			mainGroup = EEDF9B9F161FAB43003B18AB;
			productRefGroup = EEDF9BAB161FAB43003B18AB /* Products */;
			projectDirPath = "";
			projectRoot = "";
			targets = (
				EEDF9D62161FC3FC003B18AB /* StochHMM */,
				EEDF9D71161FC40E003B18AB /* StochHMMlib */,
				EE2C8D8116274BBB00DB7481 /* TestDistributions */,
			);
		};
/* End PBXProject section */

/* Begin PBXSourcesBuildPhase section */
		EE2C8D7E16274BBB00DB7481 /* Sources */ = {
			isa = PBXSourcesBuildPhase;
			buildActionMask = 2147483647;
			files = (
				EE2C8D8C16274BD900DB7481 /* TestDistributions.cpp in Sources */,
				EE2C8DA21627647F00DB7481 /* stochMath.cpp in Sources */,
				EE2C8D9B16275CE400DB7481 /* distributions.cpp in Sources */,
				EE2C8D9E1627608900DB7481 /* PDF.cpp in Sources */,
				EE2C8DA1162760A000DB7481 /* CDF.cpp in Sources */,
			);
			runOnlyForDeploymentPostprocessing = 0;
		};
		EEDF9D5F161FC3FC003B18AB /* Sources */ = {
			isa = PBXSourcesBuildPhase;
			buildActionMask = 2147483647;
			files = (
				EE7075841620A3DF0036673E /* StochHMM.cpp in Sources */,
				EE70759B162343330036673E /* options.cpp in Sources */,
				EE70756A1620A2580036673E /* trellisCells.cpp in Sources */,
				EE7075691620A2580036673E /* trellis.cpp in Sources */,
				EE7075651620A2580036673E /* basicTrellis.cpp in Sources */,
				EE7075661620A2580036673E /* simpleTrellis.cpp in Sources */,
				EE7075671620A2580036673E /* stochasticTrellis.cpp in Sources */,
				EE7075681620A2580036673E /* traceback_path.cpp in Sources */,
				EE70756B1620A2840036673E /* index.cpp in Sources */,
				EE70756C1620A2840036673E /* stochErr.cpp in Sources */,
				EE70756D1620A2840036673E /* stochMath.cpp in Sources */,
				EE70756E1620A2840036673E /* table.cpp in Sources */,
				EE70756F1620A2840036673E /* text.cpp in Sources */,
				EE7075701620A2840036673E /* userFunctions.cpp in Sources */,
				EE7075711620A2E20036673E /* emm.cpp in Sources */,
				EE7075721620A2E20036673E /* externalFuncs.cpp in Sources */,
				EE7075731620A2E20036673E /* hmm.cpp in Sources */,
				EE7075741620A2E20036673E /* lexicalTable.cpp in Sources */,
				EE7075751620A2E20036673E /* modelTemplate.cpp in Sources */,
				EE7075761620A2E20036673E /* state.cpp in Sources */,
				EE7075771620A2E20036673E /* track.cpp in Sources */,
				EE7075781620A2E20036673E /* transitions.cpp in Sources */,
				EE7075791620A2E20036673E /* weight.cpp in Sources */,
				EE70757B1620A31D0036673E /* externDefinitions.cpp in Sources */,
				EE70757F1620A31D0036673E /* sequence.cpp in Sources */,
				EE7075801620A31D0036673E /* sequences.cpp in Sources */,
				EE7075811620A31D0036673E /* sequenceStream.cpp in Sources */,
				EE70759C16237BE70036673E /* seqJobs.cpp in Sources */,
				EE70759D16237BEB0036673E /* seqTracks.cpp in Sources */,
			);
			runOnlyForDeploymentPostprocessing = 0;
		};
		EEDF9D6E161FC40E003B18AB /* Sources */ = {
			isa = PBXSourcesBuildPhase;
			buildActionMask = 2147483647;
			files = (
			);
			runOnlyForDeploymentPostprocessing = 0;
		};
/* End PBXSourcesBuildPhase section */

/* Begin XCBuildConfiguration section */
		EE2C8D8A16274BBB00DB7481 /* Debug */ = {
			isa = XCBuildConfiguration;
			buildSettings = {
				PRODUCT_NAME = "$(TARGET_NAME)";
			};
			name = Debug;
		};
		EE2C8D8B16274BBB00DB7481 /* Release */ = {
			isa = XCBuildConfiguration;
			buildSettings = {
				PRODUCT_NAME = "$(TARGET_NAME)";
			};
			name = Release;
		};
		EEDF9BB2161FAB43003B18AB /* Debug */ = {
			isa = XCBuildConfiguration;
			buildSettings = {
				ALWAYS_SEARCH_USER_PATHS = NO;
				ARCHS = "$(ARCHS_STANDARD_64_BIT)";
				CLANG_CXX_LANGUAGE_STANDARD = "gnu++0x";
				CLANG_CXX_LIBRARY = "libc++";
				CLANG_WARN_EMPTY_BODY = YES;
				CLANG_WARN__DUPLICATE_METHOD_MATCH = YES;
				COPY_PHASE_STRIP = NO;
				GCC_C_LANGUAGE_STANDARD = gnu99;
				GCC_DYNAMIC_NO_PIC = NO;
				GCC_ENABLE_OBJC_EXCEPTIONS = YES;
				GCC_OPTIMIZATION_LEVEL = 0;
				GCC_PREPROCESSOR_DEFINITIONS = (
					"DEBUG=1",
					"$(inherited)",
				);
				GCC_SYMBOLS_PRIVATE_EXTERN = NO;
				GCC_WARN_64_TO_32_BIT_CONVERSION = YES;
				GCC_WARN_ABOUT_RETURN_TYPE = YES;
				GCC_WARN_UNINITIALIZED_AUTOS = YES;
				GCC_WARN_UNUSED_VARIABLE = YES;
				MACOSX_DEPLOYMENT_TARGET = 10.8;
				ONLY_ACTIVE_ARCH = YES;
				SDKROOT = macosx;
			};
			name = Debug;
		};
		EEDF9BB3161FAB43003B18AB /* Release */ = {
			isa = XCBuildConfiguration;
			buildSettings = {
				ALWAYS_SEARCH_USER_PATHS = NO;
				ARCHS = "$(ARCHS_STANDARD_64_BIT)";
				CLANG_CXX_LANGUAGE_STANDARD = "gnu++0x";
				CLANG_CXX_LIBRARY = "libc++";
				CLANG_WARN_EMPTY_BODY = YES;
				CLANG_WARN__DUPLICATE_METHOD_MATCH = YES;
				COPY_PHASE_STRIP = YES;
				DEBUG_INFORMATION_FORMAT = "dwarf-with-dsym";
				GCC_C_LANGUAGE_STANDARD = gnu99;
				GCC_ENABLE_OBJC_EXCEPTIONS = YES;
				GCC_WARN_64_TO_32_BIT_CONVERSION = YES;
				GCC_WARN_ABOUT_RETURN_TYPE = YES;
				GCC_WARN_UNINITIALIZED_AUTOS = YES;
				GCC_WARN_UNUSED_VARIABLE = YES;
				MACOSX_DEPLOYMENT_TARGET = 10.8;
				SDKROOT = macosx;
			};
			name = Release;
		};
		EEDF9D6A161FC3FC003B18AB /* Debug */ = {
			isa = XCBuildConfiguration;
			buildSettings = {
				PRODUCT_NAME = "$(TARGET_NAME)";
				USER_HEADER_SEARCH_PATHS = ../src;
			};
			name = Debug;
		};
		EEDF9D6B161FC3FC003B18AB /* Release */ = {
			isa = XCBuildConfiguration;
			buildSettings = {
				PRODUCT_NAME = "$(TARGET_NAME)";
				USER_HEADER_SEARCH_PATHS = ../src;
			};
			name = Release;
		};
		EEDF9D74161FC40E003B18AB /* Debug */ = {
			isa = XCBuildConfiguration;
			buildSettings = {
				EXECUTABLE_PREFIX = lib;
				PRODUCT_NAME = StochHMM;
			};
			name = Debug;
		};
		EEDF9D75161FC40E003B18AB /* Release */ = {
			isa = XCBuildConfiguration;
			buildSettings = {
				EXECUTABLE_PREFIX = lib;
				PRODUCT_NAME = StochHMM;
			};
			name = Release;
		};
/* End XCBuildConfiguration section */

/* Begin XCConfigurationList section */
		EE2C8D8916274BBB00DB7481 /* Build configuration list for PBXNativeTarget "TestDistributions" */ = {
			isa = XCConfigurationList;
			buildConfigurations = (
				EE2C8D8A16274BBB00DB7481 /* Debug */,
				EE2C8D8B16274BBB00DB7481 /* Release */,
			);
			defaultConfigurationIsVisible = 0;
			defaultConfigurationName = Release;
		};
		EEDF9BA4161FAB43003B18AB /* Build configuration list for PBXProject "StochHMM" */ = {
			isa = XCConfigurationList;
			buildConfigurations = (
				EEDF9BB2161FAB43003B18AB /* Debug */,
				EEDF9BB3161FAB43003B18AB /* Release */,
			);
			defaultConfigurationIsVisible = 0;
			defaultConfigurationName = Release;
		};
		EEDF9D6C161FC3FC003B18AB /* Build configuration list for PBXNativeTarget "StochHMM" */ = {
			isa = XCConfigurationList;
			buildConfigurations = (
				EEDF9D6A161FC3FC003B18AB /* Debug */,
				EEDF9D6B161FC3FC003B18AB /* Release */,
			);
			defaultConfigurationIsVisible = 0;
			defaultConfigurationName = Release;
		};
		EEDF9D73161FC40E003B18AB /* Build configuration list for PBXNativeTarget "StochHMMlib" */ = {
			isa = XCConfigurationList;
			buildConfigurations = (
				EEDF9D74161FC40E003B18AB /* Debug */,
				EEDF9D75161FC40E003B18AB /* Release */,
			);
			defaultConfigurationIsVisible = 0;
			defaultConfigurationName = Release;
		};
/* End XCConfigurationList section */
	};
	rootObject = EEDF9BA1161FAB43003B18AB /* Project object */;
}
