// !$*UTF8*$!
{
	archiveVersion = 1;
	classes = {
	};
	objectVersion = 46;
	objects = {

/* Begin PBXFileReference section */
		EEDF9C0D161FAEA9003B18AB /* alignment.cpp */ = {isa = PBXFileReference; lastKnownFileType = sourcecode.cpp.cpp; path = alignment.cpp; sourceTree = "<group>"; };
		EEDF9C0E161FAEA9003B18AB /* alignment.h */ = {isa = PBXFileReference; lastKnownFileType = sourcecode.c.h; path = alignment.h; sourceTree = "<group>"; };
		EEDF9C0F161FAEA9003B18AB /* basicTrellis.cpp */ = {isa = PBXFileReference; lastKnownFileType = sourcecode.cpp.cpp; path = basicTrellis.cpp; sourceTree = "<group>"; };
		EEDF9C10161FAEA9003B18AB /* basicTrellis.h */ = {isa = PBXFileReference; lastKnownFileType = sourcecode.c.h; path = basicTrellis.h; sourceTree = "<group>"; };
		EEDF9C11161FAEA9003B18AB /* Counter.cpp */ = {isa = PBXFileReference; lastKnownFileType = sourcecode.cpp.cpp; path = Counter.cpp; sourceTree = "<group>"; };
		EEDF9C12161FAEA9003B18AB /* Counter.h */ = {isa = PBXFileReference; lastKnownFileType = sourcecode.c.h; path = Counter.h; sourceTree = "<group>"; };
		EEDF9C13161FAEA9003B18AB /* emm.cpp */ = {isa = PBXFileReference; lastKnownFileType = sourcecode.cpp.cpp; path = emm.cpp; sourceTree = "<group>"; };
		EEDF9C14161FAEA9003B18AB /* emm.h */ = {isa = PBXFileReference; lastKnownFileType = sourcecode.c.h; path = emm.h; sourceTree = "<group>"; };
		EEDF9C15161FAEA9003B18AB /* externalFuncs.cpp */ = {isa = PBXFileReference; lastKnownFileType = sourcecode.cpp.cpp; path = externalFuncs.cpp; sourceTree = "<group>"; };
		EEDF9C16161FAEA9003B18AB /* externalFuncs.h */ = {isa = PBXFileReference; lastKnownFileType = sourcecode.c.h; path = externalFuncs.h; sourceTree = "<group>"; };
		EEDF9C17161FAEA9003B18AB /* externDefinitions.cpp */ = {isa = PBXFileReference; lastKnownFileType = sourcecode.cpp.cpp; path = externDefinitions.cpp; sourceTree = "<group>"; };
		EEDF9C18161FAEA9003B18AB /* externDefinitions.h */ = {isa = PBXFileReference; lastKnownFileType = sourcecode.c.h; path = externDefinitions.h; sourceTree = "<group>"; };
		EEDF9C19161FAEA9003B18AB /* hmm.cpp */ = {isa = PBXFileReference; lastKnownFileType = sourcecode.cpp.cpp; path = hmm.cpp; sourceTree = "<group>"; };
		EEDF9C1A161FAEA9003B18AB /* hmm.h */ = {isa = PBXFileReference; lastKnownFileType = sourcecode.c.h; path = hmm.h; sourceTree = "<group>"; };
		EEDF9C1B161FAEA9003B18AB /* index.cpp */ = {isa = PBXFileReference; lastKnownFileType = sourcecode.cpp.cpp; path = index.cpp; sourceTree = "<group>"; };
		EEDF9C1C161FAEA9003B18AB /* index.h */ = {isa = PBXFileReference; lastKnownFileType = sourcecode.c.h; path = index.h; sourceTree = "<group>"; };
		EEDF9C1D161FAEA9003B18AB /* lexicalTable.cpp */ = {isa = PBXFileReference; lastKnownFileType = sourcecode.cpp.cpp; path = lexicalTable.cpp; sourceTree = "<group>"; };
		EEDF9C1E161FAEA9003B18AB /* lexicalTable.h */ = {isa = PBXFileReference; lastKnownFileType = sourcecode.c.h; path = lexicalTable.h; sourceTree = "<group>"; };
		EEDF9C1F161FAEA9003B18AB /* modelTemplate.cpp */ = {isa = PBXFileReference; lastKnownFileType = sourcecode.cpp.cpp; path = modelTemplate.cpp; sourceTree = "<group>"; };
		EEDF9C20161FAEA9003B18AB /* modelTemplate.h */ = {isa = PBXFileReference; lastKnownFileType = sourcecode.c.h; path = modelTemplate.h; sourceTree = "<group>"; };
		EEDF9C21161FAEA9003B18AB /* nthTrellis.cpp */ = {isa = PBXFileReference; lastKnownFileType = sourcecode.cpp.cpp; path = nthTrellis.cpp; sourceTree = "<group>"; };
		EEDF9C22161FAEA9003B18AB /* nthTrellis.h */ = {isa = PBXFileReference; lastKnownFileType = sourcecode.c.h; path = nthTrellis.h; sourceTree = "<group>"; };
		EEDF9C23161FAEA9003B18AB /* options.cpp */ = {isa = PBXFileReference; lastKnownFileType = sourcecode.cpp.cpp; path = options.cpp; sourceTree = "<group>"; };
		EEDF9C24161FAEA9003B18AB /* options.h */ = {isa = PBXFileReference; lastKnownFileType = sourcecode.c.h; path = options.h; sourceTree = "<group>"; };
		EEDF9C25161FAEA9003B18AB /* output.cpp */ = {isa = PBXFileReference; lastKnownFileType = sourcecode.cpp.cpp; path = output.cpp; sourceTree = "<group>"; };
		EEDF9C26161FAEA9003B18AB /* output.h */ = {isa = PBXFileReference; lastKnownFileType = sourcecode.c.h; path = output.h; sourceTree = "<group>"; };
		EEDF9C27161FAEA9003B18AB /* pwm.cpp */ = {isa = PBXFileReference; lastKnownFileType = sourcecode.cpp.cpp; path = pwm.cpp; sourceTree = "<group>"; };
		EEDF9C28161FAEA9003B18AB /* pwm.h */ = {isa = PBXFileReference; lastKnownFileType = sourcecode.c.h; path = pwm.h; sourceTree = "<group>"; };
		EEDF9C29161FAEA9003B18AB /* seqJobs.cpp */ = {isa = PBXFileReference; lastKnownFileType = sourcecode.cpp.cpp; path = seqJobs.cpp; sourceTree = "<group>"; };
		EEDF9C2A161FAEA9003B18AB /* seqTools.cpp */ = {isa = PBXFileReference; lastKnownFileType = sourcecode.cpp.cpp; path = seqTools.cpp; sourceTree = "<group>"; };
		EEDF9C2B161FAEA9003B18AB /* seqTools.h */ = {isa = PBXFileReference; lastKnownFileType = sourcecode.c.h; path = seqTools.h; sourceTree = "<group>"; };
		EEDF9C2C161FAEA9003B18AB /* seqTracks.cpp */ = {isa = PBXFileReference; lastKnownFileType = sourcecode.cpp.cpp; path = seqTracks.cpp; sourceTree = "<group>"; };
		EEDF9C2D161FAEA9003B18AB /* seqTracks.h */ = {isa = PBXFileReference; lastKnownFileType = sourcecode.c.h; path = seqTracks.h; sourceTree = "<group>"; };
		EEDF9C2E161FAEA9003B18AB /* sequence.cpp */ = {isa = PBXFileReference; lastKnownFileType = sourcecode.cpp.cpp; path = sequence.cpp; sourceTree = "<group>"; };
		EEDF9C2F161FAEA9003B18AB /* sequence.h */ = {isa = PBXFileReference; lastKnownFileType = sourcecode.c.h; path = sequence.h; sourceTree = "<group>"; };
		EEDF9C30161FAEA9003B18AB /* sequences.cpp */ = {isa = PBXFileReference; lastKnownFileType = sourcecode.cpp.cpp; path = sequences.cpp; sourceTree = "<group>"; };
		EEDF9C31161FAEA9003B18AB /* sequences.h */ = {isa = PBXFileReference; lastKnownFileType = sourcecode.c.h; path = sequences.h; sourceTree = "<group>"; };
		EEDF9C32161FAEA9003B18AB /* sequenceStream.cpp */ = {isa = PBXFileReference; lastKnownFileType = sourcecode.cpp.cpp; path = sequenceStream.cpp; sourceTree = "<group>"; };
		EEDF9C33161FAEA9003B18AB /* sequenceStream.h */ = {isa = PBXFileReference; lastKnownFileType = sourcecode.c.h; path = sequenceStream.h; sourceTree = "<group>"; };
		EEDF9C34161FAEA9003B18AB /* simpleTrellis.cpp */ = {isa = PBXFileReference; lastKnownFileType = sourcecode.cpp.cpp; path = simpleTrellis.cpp; sourceTree = "<group>"; };
		EEDF9C35161FAEA9003B18AB /* simpleTrellis.h */ = {isa = PBXFileReference; lastKnownFileType = sourcecode.c.h; path = simpleTrellis.h; sourceTree = "<group>"; };
		EEDF9C36161FAEA9003B18AB /* state.cpp */ = {isa = PBXFileReference; lastKnownFileType = sourcecode.cpp.cpp; path = state.cpp; sourceTree = "<group>"; };
		EEDF9C37161FAEA9003B18AB /* state.h */ = {isa = PBXFileReference; lastKnownFileType = sourcecode.c.h; path = state.h; sourceTree = "<group>"; };
		EEDF9C38161FAEA9003B18AB /* statistics.cpp */ = {isa = PBXFileReference; lastKnownFileType = sourcecode.cpp.cpp; path = statistics.cpp; sourceTree = "<group>"; };
		EEDF9C39161FAEA9003B18AB /* statistics.h */ = {isa = PBXFileReference; lastKnownFileType = sourcecode.c.h; path = statistics.h; sourceTree = "<group>"; };
		EEDF9C3A161FAEA9003B18AB /* stochasticTrellis.cpp */ = {isa = PBXFileReference; lastKnownFileType = sourcecode.cpp.cpp; path = stochasticTrellis.cpp; sourceTree = "<group>"; };
		EEDF9C3B161FAEA9003B18AB /* stochasticTrellis.h */ = {isa = PBXFileReference; lastKnownFileType = sourcecode.c.h; path = stochasticTrellis.h; sourceTree = "<group>"; };
		EEDF9C3C161FAEA9003B18AB /* stochErr.cpp */ = {isa = PBXFileReference; lastKnownFileType = sourcecode.cpp.cpp; path = stochErr.cpp; sourceTree = "<group>"; };
		EEDF9C3D161FAEA9003B18AB /* stochErr.h */ = {isa = PBXFileReference; lastKnownFileType = sourcecode.c.h; path = stochErr.h; sourceTree = "<group>"; };
		EEDF9C3E161FAEA9003B18AB /* StochHMMmv.cpp */ = {isa = PBXFileReference; lastKnownFileType = sourcecode.cpp.cpp; path = StochHMMmv.cpp; sourceTree = "<group>"; };
		EEDF9C3F161FAEA9003B18AB /* stochhmmUsage.h */ = {isa = PBXFileReference; lastKnownFileType = sourcecode.c.h; path = stochhmmUsage.h; sourceTree = "<group>"; };
		EEDF9C40161FAEA9003B18AB /* stochMath.cpp */ = {isa = PBXFileReference; lastKnownFileType = sourcecode.cpp.cpp; path = stochMath.cpp; sourceTree = "<group>"; };
		EEDF9C41161FAEA9003B18AB /* stochMath.h */ = {isa = PBXFileReference; lastKnownFileType = sourcecode.c.h; path = stochMath.h; sourceTree = "<group>"; };
		EEDF9C42161FAEA9003B18AB /* stochTypes.h */ = {isa = PBXFileReference; lastKnownFileType = sourcecode.c.h; path = stochTypes.h; sourceTree = "<group>"; };
		EEDF9C43161FAEA9003B18AB /* table.cpp */ = {isa = PBXFileReference; lastKnownFileType = sourcecode.cpp.cpp; path = table.cpp; sourceTree = "<group>"; };
		EEDF9C44161FAEA9003B18AB /* table.h */ = {isa = PBXFileReference; lastKnownFileType = sourcecode.c.h; path = table.h; sourceTree = "<group>"; };
		EEDF9C45161FAEA9003B18AB /* text.cpp */ = {isa = PBXFileReference; lastKnownFileType = sourcecode.cpp.cpp; path = text.cpp; sourceTree = "<group>"; };
		EEDF9C46161FAEA9003B18AB /* text.h */ = {isa = PBXFileReference; lastKnownFileType = sourcecode.c.h; path = text.h; sourceTree = "<group>"; };
		EEDF9C47161FAEA9003B18AB /* traceback_path.cpp */ = {isa = PBXFileReference; lastKnownFileType = sourcecode.cpp.cpp; path = traceback_path.cpp; sourceTree = "<group>"; };
		EEDF9C48161FAEA9003B18AB /* traceback_path.h */ = {isa = PBXFileReference; lastKnownFileType = sourcecode.c.h; path = traceback_path.h; sourceTree = "<group>"; };
		EEDF9C49161FAEA9003B18AB /* track.cpp */ = {isa = PBXFileReference; lastKnownFileType = sourcecode.cpp.cpp; path = track.cpp; sourceTree = "<group>"; };
		EEDF9C4A161FAEA9003B18AB /* track.h */ = {isa = PBXFileReference; lastKnownFileType = sourcecode.c.h; path = track.h; sourceTree = "<group>"; };
		EEDF9C4B161FAEA9003B18AB /* trainingSeq.cpp */ = {isa = PBXFileReference; lastKnownFileType = sourcecode.cpp.cpp; path = trainingSeq.cpp; sourceTree = "<group>"; };
		EEDF9C4C161FAEA9003B18AB /* trainingSeq.h */ = {isa = PBXFileReference; lastKnownFileType = sourcecode.c.h; path = trainingSeq.h; sourceTree = "<group>"; };
		EEDF9C4D161FAEA9003B18AB /* transitions.cpp */ = {isa = PBXFileReference; lastKnownFileType = sourcecode.cpp.cpp; path = transitions.cpp; sourceTree = "<group>"; };
		EEDF9C4E161FAEA9003B18AB /* transitions.h */ = {isa = PBXFileReference; lastKnownFileType = sourcecode.c.h; path = transitions.h; sourceTree = "<group>"; };
		EEDF9C4F161FAEA9003B18AB /* trellis.cpp */ = {isa = PBXFileReference; lastKnownFileType = sourcecode.cpp.cpp; path = trellis.cpp; sourceTree = "<group>"; };
		EEDF9C50161FAEA9003B18AB /* trellis.h */ = {isa = PBXFileReference; lastKnownFileType = sourcecode.c.h; path = trellis.h; sourceTree = "<group>"; };
		EEDF9C51161FAEA9003B18AB /* trellisCells.cpp */ = {isa = PBXFileReference; lastKnownFileType = sourcecode.cpp.cpp; path = trellisCells.cpp; sourceTree = "<group>"; };
		EEDF9C52161FAEA9003B18AB /* trellisCells.h */ = {isa = PBXFileReference; lastKnownFileType = sourcecode.c.h; path = trellisCells.h; sourceTree = "<group>"; };
		EEDF9C53161FAEA9003B18AB /* userFunctions.cpp */ = {isa = PBXFileReference; lastKnownFileType = sourcecode.cpp.cpp; path = userFunctions.cpp; sourceTree = "<group>"; };
		EEDF9C54161FAEA9003B18AB /* userFunctions.h */ = {isa = PBXFileReference; lastKnownFileType = sourcecode.c.h; path = userFunctions.h; sourceTree = "<group>"; };
		EEDF9C55161FAEA9003B18AB /* weight.cpp */ = {isa = PBXFileReference; lastKnownFileType = sourcecode.cpp.cpp; path = weight.cpp; sourceTree = "<group>"; };
		EEDF9C56161FAEA9003B18AB /* weight.h */ = {isa = PBXFileReference; lastKnownFileType = sourcecode.c.h; path = weight.h; sourceTree = "<group>"; };
/* End PBXFileReference section */

/* Begin PBXGroup section */
		EEDF9B9F161FAB43003B18AB = {
			isa = PBXGroup;
			children = (
				EEDF9C0C161FAEA9003B18AB /* src */,
				EEDF9C57161FAEA9003B18AB /* examples */,
				EEDF9C58161FAEA9003B18AB /* scripts */,
				EEDF9C59161FAEA9003B18AB /* testsuite */,
				EEDF9C5A161FAEA9003B18AB /* documentation */,
				EEDF9BAB161FAB43003B18AB /* Products */,
			);
			sourceTree = "<group>";
		};
		EEDF9BAB161FAB43003B18AB /* Products */ = {
			isa = PBXGroup;
			children = (
			);
			name = Products;
			sourceTree = "<group>";
		};
		EEDF9C0C161FAEA9003B18AB /* src */ = {
			isa = PBXGroup;
			children = (
				EEDF9C6C161FAF32003B18AB /* Sequence */,
				EEDF9C6B161FAF28003B18AB /* Model */,
				EEDF9C6A161FAF17003B18AB /* Options */,
				EEDF9C69161FAF0F003B18AB /* General */,
				EEDF9C68161FAEFF003B18AB /* Decoding */,
				EEDF9C67161FAEF5003B18AB /* Training */,
				EEDF9C0D161FAEA9003B18AB /* alignment.cpp */,
				EEDF9C0E161FAEA9003B18AB /* alignment.h */,
				EEDF9C2A161FAEA9003B18AB /* seqTools.cpp */,
				EEDF9C2B161FAEA9003B18AB /* seqTools.h */,
				EEDF9C3E161FAEA9003B18AB /* StochHMMmv.cpp */,
				EEDF9C3F161FAEA9003B18AB /* stochhmmUsage.h */,
			);
			path = src;
			sourceTree = "<group>";
		};
		EEDF9C57161FAEA9003B18AB /* examples */ = {
			isa = PBXGroup;
			children = (
			);
			path = examples;
			sourceTree = "<group>";
		};
		EEDF9C58161FAEA9003B18AB /* scripts */ = {
			isa = PBXGroup;
			children = (
			);
			path = scripts;
			sourceTree = "<group>";
		};
		EEDF9C59161FAEA9003B18AB /* testsuite */ = {
			isa = PBXGroup;
			children = (
			);
			path = testsuite;
			sourceTree = "<group>";
		};
		EEDF9C5A161FAEA9003B18AB /* documentation */ = {
			isa = PBXGroup;
			children = (
			);
			path = documentation;
			sourceTree = "<group>";
		};
		EEDF9C67161FAEF5003B18AB /* Training */ = {
			isa = PBXGroup;
			children = (
				EEDF9C11161FAEA9003B18AB /* Counter.cpp */,
				EEDF9C12161FAEA9003B18AB /* Counter.h */,
				EEDF9C4B161FAEA9003B18AB /* trainingSeq.cpp */,
				EEDF9C4C161FAEA9003B18AB /* trainingSeq.h */,
			);
			name = Training;
			sourceTree = "<group>";
		};
		EEDF9C68161FAEFF003B18AB /* Decoding */ = {
			isa = PBXGroup;
			children = (
				EEDF9C47161FAEA9003B18AB /* traceback_path.cpp */,
				EEDF9C48161FAEA9003B18AB /* traceback_path.h */,
				EEDF9C0F161FAEA9003B18AB /* basicTrellis.cpp */,
				EEDF9C10161FAEA9003B18AB /* basicTrellis.h */,
				EEDF9C21161FAEA9003B18AB /* nthTrellis.cpp */,
				EEDF9C22161FAEA9003B18AB /* nthTrellis.h */,
				EEDF9C25161FAEA9003B18AB /* output.cpp */,
				EEDF9C26161FAEA9003B18AB /* output.h */,
				EEDF9C34161FAEA9003B18AB /* simpleTrellis.cpp */,
				EEDF9C35161FAEA9003B18AB /* simpleTrellis.h */,
				EEDF9C3A161FAEA9003B18AB /* stochasticTrellis.cpp */,
				EEDF9C3B161FAEA9003B18AB /* stochasticTrellis.h */,
				EEDF9C4F161FAEA9003B18AB /* trellis.cpp */,
				EEDF9C50161FAEA9003B18AB /* trellis.h */,
				EEDF9C51161FAEA9003B18AB /* trellisCells.cpp */,
				EEDF9C52161FAEA9003B18AB /* trellisCells.h */,
			);
			name = Decoding;
			sourceTree = "<group>";
		};
		EEDF9C69161FAF0F003B18AB /* General */ = {
			isa = PBXGroup;
			children = (
				EEDF9C1B161FAEA9003B18AB /* index.cpp */,
				EEDF9C1C161FAEA9003B18AB /* index.h */,
				EEDF9C3C161FAEA9003B18AB /* stochErr.cpp */,
				EEDF9C3D161FAEA9003B18AB /* stochErr.h */,
				EEDF9C40161FAEA9003B18AB /* stochMath.cpp */,
				EEDF9C41161FAEA9003B18AB /* stochMath.h */,
				EEDF9C42161FAEA9003B18AB /* stochTypes.h */,
				EEDF9C43161FAEA9003B18AB /* table.cpp */,
				EEDF9C44161FAEA9003B18AB /* table.h */,
				EEDF9C45161FAEA9003B18AB /* text.cpp */,
				EEDF9C46161FAEA9003B18AB /* text.h */,
				EEDF9C53161FAEA9003B18AB /* userFunctions.cpp */,
				EEDF9C54161FAEA9003B18AB /* userFunctions.h */,
			);
			name = General;
			sourceTree = "<group>";
		};
		EEDF9C6A161FAF17003B18AB /* Options */ = {
			isa = PBXGroup;
			children = (
				EEDF9C23161FAEA9003B18AB /* options.cpp */,
				EEDF9C24161FAEA9003B18AB /* options.h */,
			);
			name = Options;
			sourceTree = "<group>";
		};
		EEDF9C6B161FAF28003B18AB /* Model */ = {
			isa = PBXGroup;
			children = (
				EEDF9C15161FAEA9003B18AB /* externalFuncs.cpp */,
				EEDF9C16161FAEA9003B18AB /* externalFuncs.h */,
				EEDF9C55161FAEA9003B18AB /* weight.cpp */,
				EEDF9C56161FAEA9003B18AB /* weight.h */,
				EEDF9C13161FAEA9003B18AB /* emm.cpp */,
				EEDF9C14161FAEA9003B18AB /* emm.h */,
				EEDF9C19161FAEA9003B18AB /* hmm.cpp */,
				EEDF9C1A161FAEA9003B18AB /* hmm.h */,
				EEDF9C1D161FAEA9003B18AB /* lexicalTable.cpp */,
				EEDF9C1E161FAEA9003B18AB /* lexicalTable.h */,
				EEDF9C1F161FAEA9003B18AB /* modelTemplate.cpp */,
				EEDF9C20161FAEA9003B18AB /* modelTemplate.h */,
				EEDF9C27161FAEA9003B18AB /* pwm.cpp */,
				EEDF9C28161FAEA9003B18AB /* pwm.h */,
				EEDF9C36161FAEA9003B18AB /* state.cpp */,
				EEDF9C37161FAEA9003B18AB /* state.h */,
				EEDF9C38161FAEA9003B18AB /* statistics.cpp */,
				EEDF9C39161FAEA9003B18AB /* statistics.h */,
				EEDF9C49161FAEA9003B18AB /* track.cpp */,
				EEDF9C4A161FAEA9003B18AB /* track.h */,
				EEDF9C4D161FAEA9003B18AB /* transitions.cpp */,
				EEDF9C4E161FAEA9003B18AB /* transitions.h */,
			);
			name = Model;
			sourceTree = "<group>";
		};
		EEDF9C6C161FAF32003B18AB /* Sequence */ = {
			isa = PBXGroup;
			children = (
				EEDF9C29161FAEA9003B18AB /* seqJobs.cpp */,
				EEDF9C17161FAEA9003B18AB /* externDefinitions.cpp */,
				EEDF9C18161FAEA9003B18AB /* externDefinitions.h */,
				EEDF9C2C161FAEA9003B18AB /* seqTracks.cpp */,
				EEDF9C2D161FAEA9003B18AB /* seqTracks.h */,
				EEDF9C2E161FAEA9003B18AB /* sequence.cpp */,
				EEDF9C2F161FAEA9003B18AB /* sequence.h */,
				EEDF9C30161FAEA9003B18AB /* sequences.cpp */,
				EEDF9C31161FAEA9003B18AB /* sequences.h */,
				EEDF9C32161FAEA9003B18AB /* sequenceStream.cpp */,
				EEDF9C33161FAEA9003B18AB /* sequenceStream.h */,
			);
			name = Sequence;
			sourceTree = "<group>";
		};
/* End PBXGroup section */

/* Begin PBXProject section */
		EEDF9BA1161FAB43003B18AB /* Project object */ = {
			isa = PBXProject;
			attributes = {
				LastUpgradeCheck = 0450;
				ORGANIZATIONNAME = "Korf Lab, Genome Center, UC Davis, Davis, CA";
			};
			buildConfigurationList = EEDF9BA4161FAB43003B18AB /* Build configuration list for PBXProject "StochHMM" */;
			compatibilityVersion = "Xcode 3.2";
			developmentRegion = English;
			hasScannedForEncodings = 0;
			knownRegions = (
				en,
			);
			mainGroup = EEDF9B9F161FAB43003B18AB;
			productRefGroup = EEDF9BAB161FAB43003B18AB /* Products */;
			projectDirPath = "";
			projectRoot = "";
			targets = (
			);
		};
/* End PBXProject section */

/* Begin XCBuildConfiguration section */
		EEDF9BB2161FAB43003B18AB /* Debug */ = {
			isa = XCBuildConfiguration;
			buildSettings = {
				ALWAYS_SEARCH_USER_PATHS = NO;
				ARCHS = "$(ARCHS_STANDARD_64_BIT)";
				CLANG_CXX_LANGUAGE_STANDARD = "gnu++0x";
				CLANG_CXX_LIBRARY = "libc++";
				CLANG_WARN_EMPTY_BODY = YES;
				CLANG_WARN__DUPLICATE_METHOD_MATCH = YES;
				COPY_PHASE_STRIP = NO;
				GCC_C_LANGUAGE_STANDARD = gnu99;
				GCC_DYNAMIC_NO_PIC = NO;
				GCC_ENABLE_OBJC_EXCEPTIONS = YES;
				GCC_OPTIMIZATION_LEVEL = 0;
				GCC_PREPROCESSOR_DEFINITIONS = (
					"DEBUG=1",
					"$(inherited)",
				);
				GCC_SYMBOLS_PRIVATE_EXTERN = NO;
				GCC_WARN_64_TO_32_BIT_CONVERSION = YES;
				GCC_WARN_ABOUT_RETURN_TYPE = YES;
				GCC_WARN_UNINITIALIZED_AUTOS = YES;
				GCC_WARN_UNUSED_VARIABLE = YES;
				MACOSX_DEPLOYMENT_TARGET = 10.8;
				ONLY_ACTIVE_ARCH = YES;
				SDKROOT = macosx;
			};
			name = Debug;
		};
		EEDF9BB3161FAB43003B18AB /* Release */ = {
			isa = XCBuildConfiguration;
			buildSettings = {
				ALWAYS_SEARCH_USER_PATHS = NO;
				ARCHS = "$(ARCHS_STANDARD_64_BIT)";
				CLANG_CXX_LANGUAGE_STANDARD = "gnu++0x";
				CLANG_CXX_LIBRARY = "libc++";
				CLANG_WARN_EMPTY_BODY = YES;
				CLANG_WARN__DUPLICATE_METHOD_MATCH = YES;
				COPY_PHASE_STRIP = YES;
				DEBUG_INFORMATION_FORMAT = "dwarf-with-dsym";
				GCC_C_LANGUAGE_STANDARD = gnu99;
				GCC_ENABLE_OBJC_EXCEPTIONS = YES;
				GCC_WARN_64_TO_32_BIT_CONVERSION = YES;
				GCC_WARN_ABOUT_RETURN_TYPE = YES;
				GCC_WARN_UNINITIALIZED_AUTOS = YES;
				GCC_WARN_UNUSED_VARIABLE = YES;
				MACOSX_DEPLOYMENT_TARGET = 10.8;
				SDKROOT = macosx;
			};
			name = Release;
		};
/* End XCBuildConfiguration section */

/* Begin XCConfigurationList section */
		EEDF9BA4161FAB43003B18AB /* Build configuration list for PBXProject "StochHMM" */ = {
			isa = XCConfigurationList;
			buildConfigurations = (
				EEDF9BB2161FAB43003B18AB /* Debug */,
				EEDF9BB3161FAB43003B18AB /* Release */,
			);
			defaultConfigurationIsVisible = 0;
			defaultConfigurationName = Release;
		};
/* End XCConfigurationList section */
	};
	rootObject = EEDF9BA1161FAB43003B18AB /* Project object */;
}
